
Microsoft Visual Studio Solution File, Format Version 12.00
# Visual Studio 15
VisualStudioVersion = 15.0.28307.1267
MinimumVisualStudioVersion = 10.0.40219.1
Project("{8BC9CEB8-8B4A-11D0-8D11-00A0C91BC942}") = "Cipher_DES_simulation", "Cipher_DES_simulation\Cipher_DES_simulation.vcxproj", "{2012BB23-C573-4A93-863B-A54A4AA3B9A2}"
EndProject
Global
	GlobalSection(SolutionConfigurationPlatforms) = preSolution
		Debug|x64 = Debug|x64
		Debug|x86 = Debug|x86
		Release|x64 = Release|x64
		Release|x86 = Release|x86
	EndGlobalSection
	GlobalSection(ProjectConfigurationPlatforms) = postSolution
		{2012BB23-C573-4A93-863B-A54A4AA3B9A2}.Debug|x64.ActiveCfg = Debug|x64
		{2012BB23-C573-4A93-863B-A54A4AA3B9A2}.Debug|x64.Build.0 = Debug|x64
		{2012BB23-C573-4A93-863B-A54A4AA3B9A2}.Debug|x86.ActiveCfg = Debug|Win32
		{2012BB23-C573-4A93-863B-A54A4AA3B9A2}.Debug|x86.Build.0 = Debug|Win32
		{2012BB23-C573-4A93-863B-A54A4AA3B9A2}.Release|x64.ActiveCfg = Release|x64
		{2012BB23-C573-4A93-863B-A54A4AA3B9A2}.Release|x64.Build.0 = Release|x64
		{2012BB23-C573-4A93-863B-A54A4AA3B9A2}.Release|x86.ActiveCfg = Release|Win32
		{2012BB23-C573-4A93-863B-A54A4AA3B9A2}.Release|x86.Build.0 = Release|Win32
	EndGlobalSection
	GlobalSection(SolutionProperties) = preSolution
		HideSolutionNode = FALSE
	EndGlobalSection
	GlobalSection(ExtensibilityGlobals) = postSolution
		SolutionGuid = {BDA5426E-6BE8-4523-BB4E-51CA047DDD04}
	EndGlobalSection
EndGlobal
